// !$*UTF8*$!
{
	archiveVersion = 1;
	classes = {
	};
	objectVersion = 46;
	objects = {

/* Begin PBXBuildFile section */
		4837C1A51D11EB1100AC2396 /* HomeVC.swift in Sources */ = {isa = PBXBuildFile; fileRef = 4837C1A41D11EB1100AC2396 /* HomeVC.swift */; };
		4837C1A91D12086500AC2396 /* DetailVC.swift in Sources */ = {isa = PBXBuildFile; fileRef = 4837C1A81D12086500AC2396 /* DetailVC.swift */; };
		483D29281D10B26100F6B4FE /* AppDelegate.swift in Sources */ = {isa = PBXBuildFile; fileRef = 483D29271D10B26100F6B4FE /* AppDelegate.swift */; };
		483D292D1D10B26100F6B4FE /* Main.storyboard in Resources */ = {isa = PBXBuildFile; fileRef = 483D292B1D10B26100F6B4FE /* Main.storyboard */; };
		483D292F1D10B26100F6B4FE /* Assets.xcassets in Resources */ = {isa = PBXBuildFile; fileRef = 483D292E1D10B26100F6B4FE /* Assets.xcassets */; };
		483D29321D10B26100F6B4FE /* LaunchScreen.storyboard in Resources */ = {isa = PBXBuildFile; fileRef = 483D29301D10B26100F6B4FE /* LaunchScreen.storyboard */; };
		54C9B65182F365ABA50A5909 /* Pods_Swift_Animation_Cards.framework in Frameworks */ = {isa = PBXBuildFile; fileRef = 88DCAA2FA94BB9063EBB5263 /* Pods_Swift_Animation_Cards.framework */; };
/* End PBXBuildFile section */

/* Begin PBXFileReference section */
		4837C1A41D11EB1100AC2396 /* HomeVC.swift */ = {isa = PBXFileReference; fileEncoding = 4; lastKnownFileType = sourcecode.swift; path = HomeVC.swift; sourceTree = "<group>"; };
		4837C1A81D12086500AC2396 /* DetailVC.swift */ = {isa = PBXFileReference; fileEncoding = 4; lastKnownFileType = sourcecode.swift; path = DetailVC.swift; sourceTree = "<group>"; };
		483D29241D10B26100F6B4FE /* Swift-Animation-Cards.app */ = {isa = PBXFileReference; explicitFileType = wrapper.application; includeInIndex = 0; path = "Swift-Animation-Cards.app"; sourceTree = BUILT_PRODUCTS_DIR; };
		483D29271D10B26100F6B4FE /* AppDelegate.swift */ = {isa = PBXFileReference; lastKnownFileType = sourcecode.swift; path = AppDelegate.swift; sourceTree = "<group>"; };
		483D292C1D10B26100F6B4FE /* Base */ = {isa = PBXFileReference; lastKnownFileType = file.storyboard; name = Base; path = Base.lproj/Main.storyboard; sourceTree = "<group>"; };
		483D292E1D10B26100F6B4FE /* Assets.xcassets */ = {isa = PBXFileReference; lastKnownFileType = folder.assetcatalog; path = Assets.xcassets; sourceTree = "<group>"; };
		483D29311D10B26100F6B4FE /* Base */ = {isa = PBXFileReference; lastKnownFileType = file.storyboard; name = Base; path = Base.lproj/LaunchScreen.storyboard; sourceTree = "<group>"; };
		483D29331D10B26100F6B4FE /* Info.plist */ = {isa = PBXFileReference; lastKnownFileType = text.plist.xml; path = Info.plist; sourceTree = "<group>"; };
		88DCAA2FA94BB9063EBB5263 /* Pods_Swift_Animation_Cards.framework */ = {isa = PBXFileReference; explicitFileType = wrapper.framework; includeInIndex = 0; path = Pods_Swift_Animation_Cards.framework; sourceTree = BUILT_PRODUCTS_DIR; };
		959FA69D7A29369947ABC8DE /* Pods-Swift-Animation-Cards.debug.xcconfig */ = {isa = PBXFileReference; includeInIndex = 1; lastKnownFileType = text.xcconfig; name = "Pods-Swift-Animation-Cards.debug.xcconfig"; path = "Pods/Target Support Files/Pods-Swift-Animation-Cards/Pods-Swift-Animation-Cards.debug.xcconfig"; sourceTree = "<group>"; };
		F9EE489F39649EFA0F3B827E /* Pods-Swift-Animation-Cards.release.xcconfig */ = {isa = PBXFileReference; includeInIndex = 1; lastKnownFileType = text.xcconfig; name = "Pods-Swift-Animation-Cards.release.xcconfig"; path = "Pods/Target Support Files/Pods-Swift-Animation-Cards/Pods-Swift-Animation-Cards.release.xcconfig"; sourceTree = "<group>"; };
/* End PBXFileReference section */

/* Begin PBXFrameworksBuildPhase section */
		483D29211D10B26100F6B4FE /* Frameworks */ = {
			isa = PBXFrameworksBuildPhase;
			buildActionMask = 2147483647;
			files = (
				54C9B65182F365ABA50A5909 /* Pods_Swift_Animation_Cards.framework in Frameworks */,
			);
			runOnlyForDeploymentPostprocessing = 0;
		};
/* End PBXFrameworksBuildPhase section */

/* Begin PBXGroup section */
		483D291B1D10B26100F6B4FE = {
			isa = PBXGroup;
			children = (
				483D29261D10B26100F6B4FE /* Swift-Animation-Cards */,
				483D29251D10B26100F6B4FE /* Products */,
				99B74251931709FF85BDE97B /* Pods */,
				D0F55CE29D88CC2AE84EBB2D /* Frameworks */,
			);
			sourceTree = "<group>";
		};
		483D29251D10B26100F6B4FE /* Products */ = {
			isa = PBXGroup;
			children = (
				483D29241D10B26100F6B4FE /* Swift-Animation-Cards.app */,
			);
			name = Products;
			sourceTree = "<group>";
		};
		483D29261D10B26100F6B4FE /* Swift-Animation-Cards */ = {
			isa = PBXGroup;
			children = (
				483D29301D10B26100F6B4FE /* LaunchScreen.storyboard */,
				483D29271D10B26100F6B4FE /* AppDelegate.swift */,
				483D292B1D10B26100F6B4FE /* Main.storyboard */,
				4837C1A41D11EB1100AC2396 /* HomeVC.swift */,
				4837C1A81D12086500AC2396 /* DetailVC.swift */,
				483D29331D10B26100F6B4FE /* Info.plist */,
				483D292E1D10B26100F6B4FE /* Assets.xcassets */,
			);
			path = "Swift-Animation-Cards";
			sourceTree = "<group>";
		};
		99B74251931709FF85BDE97B /* Pods */ = {
			isa = PBXGroup;
			children = (
				959FA69D7A29369947ABC8DE /* Pods-Swift-Animation-Cards.debug.xcconfig */,
				F9EE489F39649EFA0F3B827E /* Pods-Swift-Animation-Cards.release.xcconfig */,
			);
			name = Pods;
			sourceTree = "<group>";
		};
		D0F55CE29D88CC2AE84EBB2D /* Frameworks */ = {
			isa = PBXGroup;
			children = (
				88DCAA2FA94BB9063EBB5263 /* Pods_Swift_Animation_Cards.framework */,
			);
			name = Frameworks;
			sourceTree = "<group>";
		};
/* End PBXGroup section */

/* Begin PBXNativeTarget section */
		483D29231D10B26100F6B4FE /* Swift-Animation-Cards */ = {
			isa = PBXNativeTarget;
			buildConfigurationList = 483D29361D10B26100F6B4FE /* Build configuration list for PBXNativeTarget "Swift-Animation-Cards" */;
			buildPhases = (
				1B94C6789A866014986DEA51 /* [CP] Check Pods Manifest.lock */,
				483D29201D10B26100F6B4FE /* Sources */,
				483D29211D10B26100F6B4FE /* Frameworks */,
				483D29221D10B26100F6B4FE /* Resources */,
				304062910C09AD21151F6023 /* [CP] Embed Pods Frameworks */,
				818A5947FA4B641DC435CC98 /* [CP] Copy Pods Resources */,
			);
			buildRules = (
			);
			dependencies = (
			);
			name = "Swift-Animation-Cards";
			productName = "Swift-Animation-Cards";
			productReference = 483D29241D10B26100F6B4FE /* Swift-Animation-Cards.app */;
			productType = "com.apple.product-type.application";
		};
/* End PBXNativeTarget section */

/* Begin PBXProject section */
		483D291C1D10B26100F6B4FE /* Project object */ = {
			isa = PBXProject;
			attributes = {
				LastSwiftUpdateCheck = 0730;
				LastUpgradeCheck = 0730;
				ORGANIZATIONNAME = "Yuri Chukhlib";
				TargetAttributes = {
					483D29231D10B26100F6B4FE = {
						CreatedOnToolsVersion = 7.3.1;
						DevelopmentTeam = HSK6MJB337;
					};
				};
			};
			buildConfigurationList = 483D291F1D10B26100F6B4FE /* Build configuration list for PBXProject "Swift-Animation-Cards" */;
			compatibilityVersion = "Xcode 3.2";
			developmentRegion = English;
			hasScannedForEncodings = 0;
			knownRegions = (
				en,
				Base,
			);
			mainGroup = 483D291B1D10B26100F6B4FE;
			productRefGroup = 483D29251D10B26100F6B4FE /* Products */;
			projectDirPath = "";
			projectRoot = "";
			targets = (
				483D29231D10B26100F6B4FE /* Swift-Animation-Cards */,
			);
		};
/* End PBXProject section */

/* Begin PBXResourcesBuildPhase section */
		483D29221D10B26100F6B4FE /* Resources */ = {
			isa = PBXResourcesBuildPhase;
			buildActionMask = 2147483647;
			files = (
				483D29321D10B26100F6B4FE /* LaunchScreen.storyboard in Resources */,
				483D292F1D10B26100F6B4FE /* Assets.xcassets in Resources */,
				483D292D1D10B26100F6B4FE /* Main.storyboard in Resources */,
			);
			runOnlyForDeploymentPostprocessing = 0;
		};
/* End PBXResourcesBuildPhase section */

/* Begin PBXShellScriptBuildPhase section */
		1B94C6789A866014986DEA51 /* [CP] Check Pods Manifest.lock */ = {
			isa = PBXShellScriptBuildPhase;
			buildActionMask = 2147483647;
			files = (
			);
			inputPaths = (
			);
			name = "[CP] Check Pods Manifest.lock";
			outputPaths = (
			);
			runOnlyForDeploymentPostprocessing = 0;
			shellPath = /bin/sh;
			shellScript = "diff \"${PODS_ROOT}/../Podfile.lock\" \"${PODS_ROOT}/Manifest.lock\" > /dev/null\nif [[ $? != 0 ]] ; then\n    cat << EOM\nerror: The sandbox is not in sync with the Podfile.lock. Run 'pod install' or update your CocoaPods installation.\nEOM\n    exit 1\nfi\n";
			showEnvVarsInLog = 0;
		};
		304062910C09AD21151F6023 /* [CP] Embed Pods Frameworks */ = {
			isa = PBXShellScriptBuildPhase;
			buildActionMask = 2147483647;
			files = (
			);
			inputPaths = (
			);
			name = "[CP] Embed Pods Frameworks";
			outputPaths = (
			);
			runOnlyForDeploymentPostprocessing = 0;
			shellPath = /bin/sh;
			shellScript = "\"${SRCROOT}/Pods/Target Support Files/Pods-Swift-Animation-Cards/Pods-Swift-Animation-Cards-frameworks.sh\"\n";
			showEnvVarsInLog = 0;
		};
		818A5947FA4B641DC435CC98 /* [CP] Copy Pods Resources */ = {
			isa = PBXShellScriptBuildPhase;
			buildActionMask = 2147483647;
			files = (
			);
			inputPaths = (
			);
			name = "[CP] Copy Pods Resources";
			outputPaths = (
			);
			runOnlyForDeploymentPostprocessing = 0;
			shellPath = /bin/sh;
			shellScript = "\"${SRCROOT}/Pods/Target Support Files/Pods-Swift-Animation-Cards/Pods-Swift-Animation-Cards-resources.sh\"\n";
			showEnvVarsInLog = 0;
		};
/* End PBXShellScriptBuildPhase section */

/* Begin PBXSourcesBuildPhase section */
		483D29201D10B26100F6B4FE /* Sources */ = {
			isa = PBXSourcesBuildPhase;
			buildActionMask = 2147483647;
			files = (
				4837C1A51D11EB1100AC2396 /* HomeVC.swift in Sources */,
				483D29281D10B26100F6B4FE /* AppDelegate.swift in Sources */,
				4837C1A91D12086500AC2396 /* DetailVC.swift in Sources */,
			);
			runOnlyForDeploymentPostprocessing = 0;
		};
/* End PBXSourcesBuildPhase section */

/* Begin PBXVariantGroup section */
		483D292B1D10B26100F6B4FE /* Main.storyboard */ = {
			isa = PBXVariantGroup;
			children = (
				483D292C1D10B26100F6B4FE /* Base */,
			);
			name = Main.storyboard;
			sourceTree = "<group>";
		};
		483D29301D10B26100F6B4FE /* LaunchScreen.storyboard */ = {
			isa = PBXVariantGroup;
			children = (
				483D29311D10B26100F6B4FE /* Base */,
			);
			name = LaunchScreen.storyboard;
			sourceTree = "<group>";
		};
/* End PBXVariantGroup section */

/* Begin XCBuildConfiguration section */
		483D29341D10B26100F6B4FE /* Debug */ = {
			isa = XCBuildConfiguration;
			buildSettings = {
				ALWAYS_SEARCH_USER_PATHS = NO;
				CLANG_ANALYZER_NONNULL = YES;
				CLANG_CXX_LANGUAGE_STANDARD = "gnu++0x";
				CLANG_CXX_LIBRARY = "libc++";
				CLANG_ENABLE_MODULES = YES;
				CLANG_ENABLE_OBJC_ARC = YES;
				CLANG_WARN_BOOL_CONVERSION = YES;
				CLANG_WARN_CONSTANT_CONVERSION = YES;
				CLANG_WARN_DIRECT_OBJC_ISA_USAGE = YES_ERROR;
				CLANG_WARN_EMPTY_BODY = YES;
				CLANG_WARN_ENUM_CONVERSION = YES;
				CLANG_WARN_INT_CONVERSION = YES;
				CLANG_WARN_OBJC_ROOT_CLASS = YES_ERROR;
				CLANG_WARN_UNREACHABLE_CODE = YES;
				CLANG_WARN__DUPLICATE_METHOD_MATCH = YES;
				CODE_SIGN_IDENTITY = "";
				"CODE_SIGN_IDENTITY[sdk=iphoneos*]" = "";
				COPY_PHASE_STRIP = NO;
				DEBUG_INFORMATION_FORMAT = dwarf;
				ENABLE_STRICT_OBJC_MSGSEND = YES;
				ENABLE_TESTABILITY = YES;
				GCC_C_LANGUAGE_STANDARD = gnu99;
				GCC_DYNAMIC_NO_PIC = NO;
				GCC_NO_COMMON_BLOCKS = YES;
				GCC_OPTIMIZATION_LEVEL = 0;
				GCC_PREPROCESSOR_DEFINITIONS = (
					"DEBUG=1",
					"$(inherited)",
				);
				GCC_WARN_64_TO_32_BIT_CONVERSION = YES;
				GCC_WARN_ABOUT_RETURN_TYPE = YES_ERROR;
				GCC_WARN_UNDECLARED_SELECTOR = YES;
				GCC_WARN_UNINITIALIZED_AUTOS = YES_AGGRESSIVE;
				GCC_WARN_UNUSED_FUNCTION = YES;
				GCC_WARN_UNUSED_VARIABLE = YES;
				IPHONEOS_DEPLOYMENT_TARGET = 9.3;
				MTL_ENABLE_DEBUG_INFO = YES;
				ONLY_ACTIVE_ARCH = YES;
				PROVISIONING_PROFILE = "";
				SDKROOT = iphoneos;
				SWIFT_OPTIMIZATION_LEVEL = "-Onone";
			};
			name = Debug;
		};
		483D29351D10B26100F6B4FE /* Release */ = {
			isa = XCBuildConfiguration;
			buildSettings = {
				ALWAYS_SEARCH_USER_PATHS = NO;
				CLANG_ANALYZER_NONNULL = YES;
				CLANG_CXX_LANGUAGE_STANDARD = "gnu++0x";
				CLANG_CXX_LIBRARY = "libc++";
				CLANG_ENABLE_MODULES = YES;
				CLANG_ENABLE_OBJC_ARC = YES;
				CLANG_WARN_BOOL_CONVERSION = YES;
				CLANG_WARN_CONSTANT_CONVERSION = YES;
				CLANG_WARN_DIRECT_OBJC_ISA_USAGE = YES_ERROR;
				CLANG_WARN_EMPTY_BODY = YES;
				CLANG_WARN_ENUM_CONVERSION = YES;
				CLANG_WARN_INT_CONVERSION = YES;
				CLANG_WARN_OBJC_ROOT_CLASS = YES_ERROR;
				CLANG_WARN_UNREACHABLE_CODE = YES;
				CLANG_WARN__DUPLICATE_METHOD_MATCH = YES;
				CODE_SIGN_IDENTITY = "";
				"CODE_SIGN_IDENTITY[sdk=iphoneos*]" = "";
				COPY_PHASE_STRIP = NO;
				DEBUG_INFORMATION_FORMAT = "dwarf-with-dsym";
				ENABLE_NS_ASSERTIONS = NO;
				ENABLE_STRICT_OBJC_MSGSEND = YES;
				GCC_C_LANGUAGE_STANDARD = gnu99;
				GCC_NO_COMMON_BLOCKS = YES;
				GCC_WARN_64_TO_32_BIT_CONVERSION = YES;
				GCC_WARN_ABOUT_RETURN_TYPE = YES_ERROR;
				GCC_WARN_UNDECLARED_SELECTOR = YES;
				GCC_WARN_UNINITIALIZED_AUTOS = YES_AGGRESSIVE;
				GCC_WARN_UNUSED_FUNCTION = YES;
				GCC_WARN_UNUSED_VARIABLE = YES;
				IPHONEOS_DEPLOYMENT_TARGET = 9.3;
				MTL_ENABLE_DEBUG_INFO = NO;
				PROVISIONING_PROFILE = "";
				SDKROOT = iphoneos;
				VALIDATE_PRODUCT = YES;
			};
			name = Release;
		};
		483D29371D10B26100F6B4FE /* Debug */ = {
			isa = XCBuildConfiguration;
			baseConfigurationReference = 959FA69D7A29369947ABC8DE /* Pods-Swift-Animation-Cards.debug.xcconfig */;
			buildSettings = {
				ASSETCATALOG_COMPILER_APPICON_NAME = AppIcon;
				CODE_SIGN_IDENTITY = "iPhone Developer";
				"CODE_SIGN_IDENTITY[sdk=iphoneos*]" = "iPhone Developer";
				INFOPLIST_FILE = "Swift-Animation-Cards/Info.plist";
				LD_RUNPATH_SEARCH_PATHS = "$(inherited) @executable_path/Frameworks";
				PRODUCT_BUNDLE_IDENTIFIER = "D4.Swift-Animation-Cards";
				PRODUCT_NAME = "$(TARGET_NAME)";
				PROVISIONING_PROFILE = "";
			};
			name = Debug;
		};
		483D29381D10B26100F6B4FE /* Release */ = {
			isa = XCBuildConfiguration;
			baseConfigurationReference = F9EE489F39649EFA0F3B827E /* Pods-Swift-Animation-Cards.release.xcconfig */;
			buildSettings = {
				ASSETCATALOG_COMPILER_APPICON_NAME = AppIcon;
				CODE_SIGN_IDENTITY = "iPhone Developer";
				"CODE_SIGN_IDENTITY[sdk=iphoneos*]" = "iPhone Developer";
				INFOPLIST_FILE = "Swift-Animation-Cards/Info.plist";
				LD_RUNPATH_SEARCH_PATHS = "$(inherited) @executable_path/Frameworks";
				PRODUCT_BUNDLE_IDENTIFIER = "D4.Swift-Animation-Cards";
				PRODUCT_NAME = "$(TARGET_NAME)";
				PROVISIONING_PROFILE = "";
			};
			name = Release;
		};
/* End XCBuildConfiguration section */

/* Begin XCConfigurationList section */
		483D291F1D10B26100F6B4FE /* Build configuration list for PBXProject "Swift-Animation-Cards" */ = {
			isa = XCConfigurationList;
			buildConfigurations = (
				483D29341D10B26100F6B4FE /* Debug */,
				483D29351D10B26100F6B4FE /* Release */,
			);
			defaultConfigurationIsVisible = 0;
			defaultConfigurationName = Release;
		};
		483D29361D10B26100F6B4FE /* Build configuration list for PBXNativeTarget "Swift-Animation-Cards" */ = {
			isa = XCConfigurationList;
			buildConfigurations = (
				483D29371D10B26100F6B4FE /* Debug */,
				483D29381D10B26100F6B4FE /* Release */,
			);
			defaultConfigurationIsVisible = 0;
			defaultConfigurationName = Release;
		};
/* End XCConfigurationList section */
	};
	rootObject = 483D291C1D10B26100F6B4FE /* Project object */;
}
